{
  "pins" : [
    {
      "identity" : "swiftui-introspect",
      "kind" : "remoteSourceControl",
      "location" : "https://github.com/siteline/SwiftUI-Introspect",
      "state" : {
        "revision" : "9e1cc02a65b22e09a8251261cccbccce02731fc5",
        "version" : "1.1.1"
      }
    },
    {
      "identity" : "viewextractor",
      "kind" : "remoteSourceControl",
      "location" : "https://github.com/GeorgeElsham/ViewExtractor",
      "state" : {
        "revision" : "e20b1944524d4454c2a65c0054ce345c2c5d0185",
        "version" : "2.0.0"
      }
    }
  ],
  "version" : 2
}
